{
  "version": 4,
  "terraform_version": "1.6.4",
  "serial": 16,
  "lineage": "f453af23-5227-1ab0-0400-b7185284f48d",
  "outputs": {},
  "resources": [
    {
      "mode": "data",
      "type": "google_firebase_web_app_config",
      "name": "example",
      "provider": "provider[\"registry.terraform.io/hashicorp/google-beta\"]",
      "instances": [
        {
          "schema_version": 0,
          "attributes": {
            "api_key": "AIzaSyDZMdiYzYwBssjT7N9-R7CR5uU8ma-1y_c",
            "auth_domain": "sample-firebase-ai-app-1717f.firebaseapp.com",
            "database_url": "",
            "id": "1:884496950343:web:42de8bf01718277dfc3d62",
            "location_id": "",
            "measurement_id": "",
            "messaging_sender_id": "884496950343",
            "project": "sample-firebase-ai-app-1717f",
            "storage_bucket": "sample-firebase-ai-app-1717f.appspot.com",
            "web_app_id": "1:884496950343:web:42de8bf01718277dfc3d62"
          },
          "sensitive_attributes": []
        }
      ]
    },
    {
      "mode": "data",
      "type": "google_project",
      "name": "project",
      "provider": "provider[\"registry.terraform.io/hashicorp/google-beta\"]",
      "instances": [
        {
          "schema_version": 0,
          "attributes": {
            "auto_create_network": null,
            "billing_account": null,
            "deletion_policy": "DELETE",
            "effective_labels": {
              "firebase": "enabled"
            },
            "folder_id": null,
            "id": "projects/sample-firebase-ai-app-1717f",
            "labels": {
              "firebase": "enabled"
            },
            "name": "Sample Firebase AI App",
            "number": "884496950343",
            "org_id": null,
            "project_id": "sample-firebase-ai-app-1717f",
            "skip_delete": null,
            "terraform_labels": {
              "firebase": "enabled"
            }
          },
          "sensitive_attributes": []
        }
      ]
    },
    {
      "mode": "managed",
      "type": "google_apikeys_key",
      "name": "generativelanguage",
      "provider": "provider[\"registry.terraform.io/hashicorp/google-beta\"]",
      "instances": [
        {
          "schema_version": 0,
          "attributes": {
            "display_name": "Gemini API Key",
            "id": "projects/sample-firebase-ai-app-1717f/locations/global/keys/gemini-api-key",
            "key_string": "AIzaSyCZuyvncVexEPbK_Q2Zr0ZKf76vfMtW0l0",
            "name": "gemini-api-key",
            "project": "sample-firebase-ai-app-1717f",
            "restrictions": [
              {
                "android_key_restrictions": [],
                "api_targets": [
                  {
                    "methods": null,
                    "service": "generativelanguage.googleapis.com"
                  }
                ],
                "browser_key_restrictions": [
                  {
                    "allowed_referrers": [
                      "*"
                    ]
                  }
                ],
                "ios_key_restrictions": [],
                "server_key_restrictions": []
              }
            ],
            "timeouts": null,
            "uid": "c6392315-74ee-4d80-96af-4693a36e4cfe"
          },
          "sensitive_attributes": [],
          "private": "eyJlMmJmYjczMC1lY2FhLTExZTYtOGY4OC0zNDM2M2JjN2M0YzAiOnsiY3JlYXRlIjoxMjAwMDAwMDAwMDAwLCJkZWxldGUiOjEyMDAwMDAwMDAwMDAsInVwZGF0ZSI6MTIwMDAwMDAwMDAwMH19",
          "dependencies": [
            "google_project_service.services"
          ]
        }
      ]
    },
    {
      "mode": "managed",
      "type": "google_firebase_web_app",
      "name": "example",
      "provider": "provider[\"registry.terraform.io/hashicorp/google-beta\"]",
      "instances": [
        {
          "schema_version": 0,
          "attributes": {
            "api_key_id": "f7822f40-8763-4492-8983-4186653e3a01",
            "app_id": "1:884496950343:web:42de8bf01718277dfc3d62",
            "app_urls": [],
            "deletion_policy": "DELETE",
            "display_name": "Make It So AI!",
            "id": "projects/sample-firebase-ai-app-1717f/webApps/1:884496950343:web:42de8bf01718277dfc3d62",
            "name": "projects/sample-firebase-ai-app-1717f/webApps/1:884496950343:web:42de8bf01718277dfc3d62",
            "project": "sample-firebase-ai-app-1717f",
            "timeouts": null
          },
          "sensitive_attributes": [],
          "private": "eyJlMmJmYjczMC1lY2FhLTExZTYtOGY4OC0zNDM2M2JjN2M0YzAiOnsiY3JlYXRlIjoxMjAwMDAwMDAwMDAwLCJkZWxldGUiOjEyMDAwMDAwMDAwMDAsInVwZGF0ZSI6MTIwMDAwMDAwMDAwMH19"
        }
      ]
    },
    {
      "mode": "managed",
      "type": "google_firebaserules_release",
      "name": "firestore",
      "provider": "provider[\"registry.terraform.io/hashicorp/google-beta\"]",
      "instances": [
        {
          "schema_version": 0,
          "attributes": {
            "create_time": "2024-10-07T17:06:07.391573Z",
            "disabled": false,
            "id": "projects/sample-firebase-ai-app-1717f/releases/cloud.firestore",
            "name": "cloud.firestore",
            "project": "sample-firebase-ai-app-1717f",
            "ruleset_name": "902001cd-da82-4e51-b208-77f5e4526fe7",
            "timeouts": null,
            "update_time": "2024-10-07T17:06:07.391573Z"
          },
          "sensitive_attributes": [],
          "private": "eyJlMmJmYjczMC1lY2FhLTExZTYtOGY4OC0zNDM2M2JjN2M0YzAiOnsiY3JlYXRlIjoxMjAwMDAwMDAwMDAwLCJkZWxldGUiOjEyMDAwMDAwMDAwMDB9fQ==",
          "dependencies": [
            "google_firebaserules_ruleset.firestore",
            "google_firestore_database.database",
            "google_project_service.services",
            "local_file.firestore_rules"
          ]
        }
      ]
    },
    {
      "mode": "managed",
      "type": "google_firebaserules_ruleset",
      "name": "firestore",
      "provider": "provider[\"registry.terraform.io/hashicorp/google-beta\"]",
      "instances": [
        {
          "schema_version": 0,
          "attributes": {
            "create_time": "2024-10-07T17:06:03.574990Z",
            "id": "projects/sample-firebase-ai-app-1717f/rulesets/902001cd-da82-4e51-b208-77f5e4526fe7",
            "metadata": [
              {
                "services": [
                  "cloud.firestore"
                ]
              }
            ],
            "name": "902001cd-da82-4e51-b208-77f5e4526fe7",
            "project": "sample-firebase-ai-app-1717f",
            "source": [
              {
                "files": [
                  {
                    "content": "service cloud.firestore {\n  match /databases/{database}/documents/{document=**} {\n    allow read, write: if request.auth != null \u0026\u0026 request.time \u003c timestamp.date(2024, 11, 6);\n  }\n}\n",
                    "fingerprint": "",
                    "name": "firestore.rules"
                  }
                ],
                "language": ""
              }
            ],
            "timeouts": null
          },
          "sensitive_attributes": [],
          "private": "eyJlMmJmYjczMC1lY2FhLTExZTYtOGY4OC0zNDM2M2JjN2M0YzAiOnsiY3JlYXRlIjoxMjAwMDAwMDAwMDAwLCJkZWxldGUiOjEyMDAwMDAwMDAwMDB9fQ==",
          "dependencies": [
            "google_firestore_database.database",
            "google_project_service.services",
            "local_file.firestore_rules"
          ]
        }
      ]
    },
    {
      "mode": "managed",
      "type": "google_firestore_database",
      "name": "database",
      "provider": "provider[\"registry.terraform.io/hashicorp/google-beta\"]",
      "instances": [
        {
          "schema_version": 0,
          "attributes": {
            "app_engine_integration_mode": "DISABLED",
            "cmek_config": [],
            "concurrency_mode": "PESSIMISTIC",
            "create_time": "",
            "delete_protection_state": "DELETE_PROTECTION_DISABLED",
            "deletion_policy": "ABANDON",
            "earliest_version_time": "2024-10-07T17:06:01.281129Z",
            "etag": "INzi9Mjg/IgDMOn0osjg/IgD",
            "id": "projects/sample-firebase-ai-app-1717f/databases/(default)",
            "key_prefix": "",
            "location_id": "nam5",
            "name": "(default)",
            "point_in_time_recovery_enablement": "POINT_IN_TIME_RECOVERY_DISABLED",
            "project": "sample-firebase-ai-app-1717f",
            "timeouts": null,
            "type": "FIRESTORE_NATIVE",
            "uid": "c0df68bd-6d11-4d16-9ef2-d67b697ad812",
            "update_time": "",
            "version_retention_period": "3600s"
          },
          "sensitive_attributes": [],
          "private": "eyJlMmJmYjczMC1lY2FhLTExZTYtOGY4OC0zNDM2M2JjN2M0YzAiOnsiY3JlYXRlIjoxMjAwMDAwMDAwMDAwLCJkZWxldGUiOjEyMDAwMDAwMDAwMDAsInVwZGF0ZSI6MTIwMDAwMDAwMDAwMH19",
          "dependencies": [
            "google_project_service.services"
          ]
        }
      ]
    },
    {
      "mode": "managed",
      "type": "google_project_service",
      "name": "services",
      "provider": "provider[\"registry.terraform.io/hashicorp/google-beta\"]",
      "instances": [
        {
          "index_key": "apikeys.googleapis.com",
          "schema_version": 0,
          "attributes": {
            "check_if_service_has_usage_on_destroy": false,
            "disable_dependent_services": null,
            "disable_on_destroy": false,
            "id": "sample-firebase-ai-app-1717f/apikeys.googleapis.com",
            "project": "sample-firebase-ai-app-1717f",
            "service": "apikeys.googleapis.com",
            "timeouts": null
          },
          "sensitive_attributes": [],
          "private": "eyJlMmJmYjczMC1lY2FhLTExZTYtOGY4OC0zNDM2M2JjN2M0YzAiOnsiY3JlYXRlIjoxMjAwMDAwMDAwMDAwLCJkZWxldGUiOjEyMDAwMDAwMDAwMDAsInJlYWQiOjYwMDAwMDAwMDAwMCwidXBkYXRlIjoxMjAwMDAwMDAwMDAwfX0="
        },
        {
          "index_key": "firebaserules.googleapis.com",
          "schema_version": 0,
          "attributes": {
            "check_if_service_has_usage_on_destroy": false,
            "disable_dependent_services": null,
            "disable_on_destroy": false,
            "id": "sample-firebase-ai-app-1717f/firebaserules.googleapis.com",
            "project": "sample-firebase-ai-app-1717f",
            "service": "firebaserules.googleapis.com",
            "timeouts": null
          },
          "sensitive_attributes": [],
          "private": "eyJlMmJmYjczMC1lY2FhLTExZTYtOGY4OC0zNDM2M2JjN2M0YzAiOnsiY3JlYXRlIjoxMjAwMDAwMDAwMDAwLCJkZWxldGUiOjEyMDAwMDAwMDAwMDAsInJlYWQiOjYwMDAwMDAwMDAwMCwidXBkYXRlIjoxMjAwMDAwMDAwMDAwfX0="
        },
        {
          "index_key": "firestore.googleapis.com",
          "schema_version": 0,
          "attributes": {
            "check_if_service_has_usage_on_destroy": false,
            "disable_dependent_services": null,
            "disable_on_destroy": false,
            "id": "sample-firebase-ai-app-1717f/firestore.googleapis.com",
            "project": "sample-firebase-ai-app-1717f",
            "service": "firestore.googleapis.com",
            "timeouts": null
          },
          "sensitive_attributes": [],
          "private": "eyJlMmJmYjczMC1lY2FhLTExZTYtOGY4OC0zNDM2M2JjN2M0YzAiOnsiY3JlYXRlIjoxMjAwMDAwMDAwMDAwLCJkZWxldGUiOjEyMDAwMDAwMDAwMDAsInJlYWQiOjYwMDAwMDAwMDAwMCwidXBkYXRlIjoxMjAwMDAwMDAwMDAwfX0="
        },
        {
          "index_key": "generativelanguage.googleapis.com",
          "schema_version": 0,
          "attributes": {
            "check_if_service_has_usage_on_destroy": false,
            "disable_dependent_services": null,
            "disable_on_destroy": false,
            "id": "sample-firebase-ai-app-1717f/generativelanguage.googleapis.com",
            "project": "sample-firebase-ai-app-1717f",
            "service": "generativelanguage.googleapis.com",
            "timeouts": null
          },
          "sensitive_attributes": [],
          "private": "eyJlMmJmYjczMC1lY2FhLTExZTYtOGY4OC0zNDM2M2JjN2M0YzAiOnsiY3JlYXRlIjoxMjAwMDAwMDAwMDAwLCJkZWxldGUiOjEyMDAwMDAwMDAwMDAsInJlYWQiOjYwMDAwMDAwMDAwMCwidXBkYXRlIjoxMjAwMDAwMDAwMDAwfX0="
        },
        {
          "index_key": "serviceusage.googleapis.com",
          "schema_version": 0,
          "attributes": {
            "check_if_service_has_usage_on_destroy": false,
            "disable_dependent_services": null,
            "disable_on_destroy": false,
            "id": "sample-firebase-ai-app-1717f/serviceusage.googleapis.com",
            "project": "sample-firebase-ai-app-1717f",
            "service": "serviceusage.googleapis.com",
            "timeouts": null
          },
          "sensitive_attributes": [],
          "private": "eyJlMmJmYjczMC1lY2FhLTExZTYtOGY4OC0zNDM2M2JjN2M0YzAiOnsiY3JlYXRlIjoxMjAwMDAwMDAwMDAwLCJkZWxldGUiOjEyMDAwMDAwMDAwMDAsInJlYWQiOjYwMDAwMDAwMDAwMCwidXBkYXRlIjoxMjAwMDAwMDAwMDAwfX0="
        }
      ]
    },
    {
      "mode": "managed",
      "type": "google_service_usage_consumer_quota_override",
      "name": "generativelanguage",
      "provider": "provider[\"registry.terraform.io/hashicorp/google-beta\"]",
      "instances": [
        {
          "schema_version": 0,
          "attributes": {
            "dimensions": null,
            "force": true,
            "id": "projects/sample-firebase-ai-app-1717f/services/generativelanguage.googleapis.com/consumerQuotaMetrics/generativelanguage.googleapis.com%2Fgenerate_requests_per_model/limits/%2Fmin%2Fmodel%2Fproject/consumerOverrides/Cg1RdW90YU92ZXJyaWRl",
            "limit": "%2Fmin%2Fmodel%2Fproject",
            "metric": "generativelanguage.googleapis.com%2Fgenerate_requests_per_model",
            "name": "Cg1RdW90YU92ZXJyaWRl",
            "override_value": "10",
            "project": "sample-firebase-ai-app-1717f",
            "service": "generativelanguage.googleapis.com",
            "timeouts": null
          },
          "sensitive_attributes": [],
          "private": "eyJlMmJmYjczMC1lY2FhLTExZTYtOGY4OC0zNDM2M2JjN2M0YzAiOnsiY3JlYXRlIjoxMjAwMDAwMDAwMDAwLCJkZWxldGUiOjEyMDAwMDAwMDAwMDAsInVwZGF0ZSI6MTIwMDAwMDAwMDAwMH19",
          "dependencies": [
            "google_project_service.services"
          ]
        }
      ]
    },
    {
      "mode": "managed",
      "type": "local_file",
      "name": "environment_ts",
      "provider": "provider[\"registry.terraform.io/hashicorp/local\"]",
      "instances": [
        {
          "schema_version": 0,
          "attributes": {
            "content": "export const environment = {\n  firebase: {\n      apiKey: 'AIzaSyDZMdiYzYwBssjT7N9-R7CR5uU8ma-1y_c',\n      authDomain: 'sample-firebase-ai-app-1717f.firebaseapp.com',\n      databaseURL: '',\n      projectId: 'sample-firebase-ai-app-1717f',\n      storageBucket: 'sample-firebase-ai-app-1717f.appspot.com',\n      messagingSenderId: '884496950343',\n      appId: '1:884496950343:web:42de8bf01718277dfc3d62',\n      measurementId: '',\n  },\n  gemini_api_key: 'AIzaSyCZuyvncVexEPbK_Q2Zr0ZKf76vfMtW0l0',\n  debug_token: ''\n};",
            "content_base64": null,
            "content_base64sha256": "uEJesExDt6xRbL4fmKxZxEV4Th1ULdEqfQ65OYv3xq0=",
            "content_base64sha512": "dfN+VaF3snHAzIYu9fibjd1uuuwX0x7eUe0jjegdBO8aZeI0NXo529YdZ8u6MDWANnjFudOpy050PqCH/6vKYA==",
            "content_md5": "f53988178dfd606aed9ac135fbcd001a",
            "content_sha1": "2184ba342b4aa751ba8b373d168584b05e9b182c",
            "content_sha256": "b8425eb04c43b7ac516cbe1f98ac59c445784e1d542dd12a7d0eb9398bf7c6ad",
            "content_sha512": "75f37e55a177b271c0cc862ef5f89b8ddd6ebaec17d31ede51ed238de81d04ef1a65e234357a39dbd61d67cbba3035803678c5b9d3a9cb4e743ea087ffabca60",
            "directory_permission": "0777",
            "file_permission": "0777",
            "filename": "./src/environments/environments.ts",
            "id": "2184ba342b4aa751ba8b373d168584b05e9b182c",
            "sensitive_content": null,
            "source": null
          },
          "sensitive_attributes": [
            [
              {
                "type": "get_attr",
                "value": "content"
              }
            ]
          ],
          "dependencies": [
            "data.google_firebase_web_app_config.example",
            "data.google_project.project",
            "google_apikeys_key.generativelanguage",
            "google_firebase_web_app.example",
            "google_project_service.services"
          ]
        }
      ]
    },
    {
      "mode": "managed",
      "type": "local_file",
      "name": "firebaserc",
      "provider": "provider[\"registry.terraform.io/hashicorp/local\"]",
      "instances": [
        {
          "schema_version": 0,
          "attributes": {
            "content": "{\"projects\":{\"default\":\"sample-firebase-ai-app-1717f\"}}",
            "content_base64": null,
            "content_base64sha256": "1FvypBYlt4cQlMNdbrIolOEN7Rifm/mLoMM6ZEl5ly4=",
            "content_base64sha512": "zbVJEJTneKd8opJoywePmY2dWVZjG3jlSYHH2F1qWjeDSwbrucp4MEAx6aS6dwptENJi8C3XvcxMIOBvbBl/7Q==",
            "content_md5": "d4ba0bd7261aeec798a1e27c6f54e8ae",
            "content_sha1": "62cd9cb92594e1ec89ac5767a52ec0f1cf84ad79",
            "content_sha256": "d45bf2a41625b7871094c35d6eb22894e10ded189f9bf98ba0c33a644979972e",
            "content_sha512": "cdb5491094e778a77ca29268cb078f998d9d5956631b78e54981c7d85d6a5a37834b06ebb9ca78304031e9a4ba770a6d10d262f02dd7bdcc4c20e06f6c197fed",
            "directory_permission": "0777",
            "file_permission": "0777",
            "filename": "./.firebaserc",
            "id": "62cd9cb92594e1ec89ac5767a52ec0f1cf84ad79",
            "sensitive_content": null,
            "source": null
          },
          "sensitive_attributes": []
        }
      ]
    },
    {
      "mode": "managed",
      "type": "local_file",
      "name": "firestore_rules",
      "provider": "provider[\"registry.terraform.io/hashicorp/local\"]",
      "instances": [
        {
          "schema_version": 0,
          "attributes": {
            "content": "service cloud.firestore {\n  match /databases/{database}/documents/{document=**} {\n    allow read, write: if request.auth != null \u0026\u0026 request.time \u003c timestamp.date(2024, 11, 6);\n  }\n}\n",
            "content_base64": null,
            "content_base64sha256": "5RHkTaCRJhokQ+BH72tZ5JZ/5m/I269BHbE8934qr8I=",
            "content_base64sha512": "tgcqysb0TMKd5pT7mmco+HOPXp7ddRbmMIL/dCEfSzZz73PaJPCakjK4uAffysVUqsAMTPZxfDrpk28ELXf11g==",
            "content_md5": "f21f8fa1f8efa32ccad5b68ac2fb7b2b",
            "content_sha1": "6abfef2348cc84cf5a012934a7ecd21fac111abd",
            "content_sha256": "e511e44da091261a2443e047ef6b59e4967fe66fc8dbaf411db13cf77e2aafc2",
            "content_sha512": "b6072acac6f44cc29de694fb9a6728f8738f5e9edd7516e63082ff74211f4b3673ef73da24f09a9232b8b807dfcac554aac00c4cf6717c3ae9936f042d77f5d6",
            "directory_permission": "0777",
            "file_permission": "0777",
            "filename": "./firestore.rules",
            "id": "6abfef2348cc84cf5a012934a7ecd21fac111abd",
            "sensitive_content": null,
            "source": null
          },
          "sensitive_attributes": []
        }
      ]
    }
  ],
  "check_results": null
}
